// !$*UTF8*$!
{
	archiveVersion = 1;
	classes = {
	};
	objectVersion = 46;
	objects = {

/* Begin PBXBuildFile section */
		27FDECBC1A04E5990049326B /* AppDelegate.swift in Sources */ = {isa = PBXBuildFile; fileRef = 27FDECBB1A04E5990049326B /* AppDelegate.swift */; };
		27FDECBE1A04E5990049326B /* ViewController.swift in Sources */ = {isa = PBXBuildFile; fileRef = 27FDECBD1A04E5990049326B /* ViewController.swift */; };
		27FDECC11A04E5990049326B /* Main.storyboard in Resources */ = {isa = PBXBuildFile; fileRef = 27FDECBF1A04E5990049326B /* Main.storyboard */; };
		27FDECC31A04E5990049326B /* Images.xcassets in Resources */ = {isa = PBXBuildFile; fileRef = 27FDECC21A04E5990049326B /* Images.xcassets */; };
		27FDECC61A04E5990049326B /* LaunchScreen.xib in Resources */ = {isa = PBXBuildFile; fileRef = 27FDECC41A04E5990049326B /* LaunchScreen.xib */; };
		27FDECD21A04E5990049326B /* PostcardTests.swift in Sources */ = {isa = PBXBuildFile; fileRef = 27FDECD11A04E5990049326B /* PostcardTests.swift */; };
/* End PBXBuildFile section */

/* Begin PBXContainerItemProxy section */
		27FDECCC1A04E5990049326B /* PBXContainerItemProxy */ = {
			isa = PBXContainerItemProxy;
			containerPortal = 27FDECAE1A04E5990049326B /* Project object */;
			proxyType = 1;
			remoteGlobalIDString = 27FDECB51A04E5990049326B;
			remoteInfo = Postcard;
		};
/* End PBXContainerItemProxy section */

/* Begin PBXFileReference section */
		27FDECB61A04E5990049326B /* Postcard.app */ = {isa = PBXFileReference; explicitFileType = wrapper.application; includeInIndex = 0; path = Postcard.app; sourceTree = BUILT_PRODUCTS_DIR; };
		27FDECBA1A04E5990049326B /* Info.plist */ = {isa = PBXFileReference; lastKnownFileType = text.plist.xml; path = Info.plist; sourceTree = "<group>"; };
		27FDECBB1A04E5990049326B /* AppDelegate.swift */ = {isa = PBXFileReference; lastKnownFileType = sourcecode.swift; path = AppDelegate.swift; sourceTree = "<group>"; };
		27FDECBD1A04E5990049326B /* ViewController.swift */ = {isa = PBXFileReference; lastKnownFileType = sourcecode.swift; path = ViewController.swift; sourceTree = "<group>"; };
		27FDECC01A04E5990049326B /* Base */ = {isa = PBXFileReference; lastKnownFileType = file.storyboard; name = Base; path = Base.lproj/Main.storyboard; sourceTree = "<group>"; };
		27FDECC21A04E5990049326B /* Images.xcassets */ = {isa = PBXFileReference; lastKnownFileType = folder.assetcatalog; path = Images.xcassets; sourceTree = "<group>"; };
		27FDECC51A04E5990049326B /* Base */ = {isa = PBXFileReference; lastKnownFileType = file.xib; name = Base; path = Base.lproj/LaunchScreen.xib; sourceTree = "<group>"; };
		27FDECCB1A04E5990049326B /* PostcardTests.xctest */ = {isa = PBXFileReference; explicitFileType = wrapper.cfbundle; includeInIndex = 0; path = PostcardTests.xctest; sourceTree = BUILT_PRODUCTS_DIR; };
		27FDECD01A04E5990049326B /* Info.plist */ = {isa = PBXFileReference; lastKnownFileType = text.plist.xml; path = Info.plist; sourceTree = "<group>"; };
		27FDECD11A04E5990049326B /* PostcardTests.swift */ = {isa = PBXFileReference; lastKnownFileType = sourcecode.swift; path = PostcardTests.swift; sourceTree = "<group>"; };
/* End PBXFileReference section */

/* Begin PBXFrameworksBuildPhase section */
		27FDECB31A04E5990049326B /* Frameworks */ = {
			isa = PBXFrameworksBuildPhase;
			buildActionMask = 2147483647;
			files = (
			);
			runOnlyForDeploymentPostprocessing = 0;
		};
		27FDECC81A04E5990049326B /* Frameworks */ = {
			isa = PBXFrameworksBuildPhase;
			buildActionMask = 2147483647;
			files = (
			);
			runOnlyForDeploymentPostprocessing = 0;
		};
/* End PBXFrameworksBuildPhase section */

/* Begin PBXGroup section */
		27FDECAD1A04E5990049326B = {
			isa = PBXGroup;
			children = (
				27FDECB81A04E5990049326B /* Postcard */,
				27FDECCE1A04E5990049326B /* PostcardTests */,
				27FDECB71A04E5990049326B /* Products */,
			);
			sourceTree = "<group>";
		};
		27FDECB71A04E5990049326B /* Products */ = {
			isa = PBXGroup;
			children = (
				27FDECB61A04E5990049326B /* Postcard.app */,
				27FDECCB1A04E5990049326B /* PostcardTests.xctest */,
			);
			name = Products;
			sourceTree = "<group>";
		};
		27FDECB81A04E5990049326B /* Postcard */ = {
			isa = PBXGroup;
			children = (
				27FDECBB1A04E5990049326B /* AppDelegate.swift */,
				27FDECBD1A04E5990049326B /* ViewController.swift */,
				27FDECBF1A04E5990049326B /* Main.storyboard */,
				27FDECC21A04E5990049326B /* Images.xcassets */,
				27FDECC41A04E5990049326B /* LaunchScreen.xib */,
				27FDECB91A04E5990049326B /* Supporting Files */,
			);
			path = Postcard;
			sourceTree = "<group>";
		};
		27FDECB91A04E5990049326B /* Supporting Files */ = {
			isa = PBXGroup;
			children = (
				27FDECBA1A04E5990049326B /* Info.plist */,
			);
			name = "Supporting Files";
			sourceTree = "<group>";
		};
		27FDECCE1A04E5990049326B /* PostcardTests */ = {
			isa = PBXGroup;
			children = (
				27FDECD11A04E5990049326B /* PostcardTests.swift */,
				27FDECCF1A04E5990049326B /* Supporting Files */,
			);
			path = PostcardTests;
			sourceTree = "<group>";
		};
		27FDECCF1A04E5990049326B /* Supporting Files */ = {
			isa = PBXGroup;
			children = (
				27FDECD01A04E5990049326B /* Info.plist */,
			);
			name = "Supporting Files";
			sourceTree = "<group>";
		};
/* End PBXGroup section */

/* Begin PBXNativeTarget section */
		27FDECB51A04E5990049326B /* Postcard */ = {
			isa = PBXNativeTarget;
			buildConfigurationList = 27FDECD51A04E5990049326B /* Build configuration list for PBXNativeTarget "Postcard" */;
			buildPhases = (
				27FDECB21A04E5990049326B /* Sources */,
				27FDECB31A04E5990049326B /* Frameworks */,
				27FDECB41A04E5990049326B /* Resources */,
			);
			buildRules = (
			);
			dependencies = (
			);
			name = Postcard;
			productName = Postcard;
			productReference = 27FDECB61A04E5990049326B /* Postcard.app */;
			productType = "com.apple.product-type.application";
		};
		27FDECCA1A04E5990049326B /* PostcardTests */ = {
			isa = PBXNativeTarget;
			buildConfigurationList = 27FDECD81A04E5990049326B /* Build configuration list for PBXNativeTarget "PostcardTests" */;
			buildPhases = (
				27FDECC71A04E5990049326B /* Sources */,
				27FDECC81A04E5990049326B /* Frameworks */,
				27FDECC91A04E5990049326B /* Resources */,
			);
			buildRules = (
			);
			dependencies = (
				27FDECCD1A04E5990049326B /* PBXTargetDependency */,
			);
			name = PostcardTests;
			productName = PostcardTests;
			productReference = 27FDECCB1A04E5990049326B /* PostcardTests.xctest */;
			productType = "com.apple.product-type.bundle.unit-test";
		};
/* End PBXNativeTarget section */

/* Begin PBXProject section */
		27FDECAE1A04E5990049326B /* Project object */ = {
			isa = PBXProject;
			attributes = {
				LastUpgradeCheck = 0600;
				ORGANIZATIONNAME = Lee;
				TargetAttributes = {
					27FDECB51A04E5990049326B = {
						CreatedOnToolsVersion = 6.0.1;
					};
					27FDECCA1A04E5990049326B = {
						CreatedOnToolsVersion = 6.0.1;
						TestTargetID = 27FDECB51A04E5990049326B;
					};
				};
			};
			buildConfigurationList = 27FDECB11A04E5990049326B /* Build configuration list for PBXProject "Postcard" */;
			compatibilityVersion = "Xcode 3.2";
			developmentRegion = English;
			hasScannedForEncodings = 0;
			knownRegions = (
				en,
				Base,
			);
			mainGroup = 27FDECAD1A04E5990049326B;
			productRefGroup = 27FDECB71A04E5990049326B /* Products */;
			projectDirPath = "";
			projectRoot = "";
			targets = (
				27FDECB51A04E5990049326B /* Postcard */,
				27FDECCA1A04E5990049326B /* PostcardTests */,
			);
		};
/* End PBXProject section */

/* Begin PBXResourcesBuildPhase section */
		27FDECB41A04E5990049326B /* Resources */ = {
			isa = PBXResourcesBuildPhase;
			buildActionMask = 2147483647;
			files = (
				27FDECC11A04E5990049326B /* Main.storyboard in Resources */,
				27FDECC61A04E5990049326B /* LaunchScreen.xib in Resources */,
				27FDECC31A04E5990049326B /* Images.xcassets in Resources */,
			);
			runOnlyForDeploymentPostprocessing = 0;
		};
		27FDECC91A04E5990049326B /* Resources */ = {
			isa = PBXResourcesBuildPhase;
			buildActionMask = 2147483647;
			files = (
			);
			runOnlyForDeploymentPostprocessing = 0;
		};
/* End PBXResourcesBuildPhase section */

/* Begin PBXSourcesBuildPhase section */
		27FDECB21A04E5990049326B /* Sources */ = {
			isa = PBXSourcesBuildPhase;
			buildActionMask = 2147483647;
			files = (
				27FDECBE1A04E5990049326B /* ViewController.swift in Sources */,
				27FDECBC1A04E5990049326B /* AppDelegate.swift in Sources */,
			);
			runOnlyForDeploymentPostprocessing = 0;
		};
		27FDECC71A04E5990049326B /* Sources */ = {
			isa = PBXSourcesBuildPhase;
			buildActionMask = 2147483647;
			files = (
				27FDECD21A04E5990049326B /* PostcardTests.swift in Sources */,
			);
			runOnlyForDeploymentPostprocessing = 0;
		};
/* End PBXSourcesBuildPhase section */

/* Begin PBXTargetDependency section */
		27FDECCD1A04E5990049326B /* PBXTargetDependency */ = {
			isa = PBXTargetDependency;
			target = 27FDECB51A04E5990049326B /* Postcard */;
			targetProxy = 27FDECCC1A04E5990049326B /* PBXContainerItemProxy */;
		};
/* End PBXTargetDependency section */

/* Begin PBXVariantGroup section */
		27FDECBF1A04E5990049326B /* Main.storyboard */ = {
			isa = PBXVariantGroup;
			children = (
				27FDECC01A04E5990049326B /* Base */,
			);
			name = Main.storyboard;
			sourceTree = "<group>";
		};
		27FDECC41A04E5990049326B /* LaunchScreen.xib */ = {
			isa = PBXVariantGroup;
			children = (
				27FDECC51A04E5990049326B /* Base */,
			);
			name = LaunchScreen.xib;
			sourceTree = "<group>";
		};
/* End PBXVariantGroup section */

/* Begin XCBuildConfiguration section */
		27FDECD31A04E5990049326B /* Debug */ = {
			isa = XCBuildConfiguration;
			buildSettings = {
				ALWAYS_SEARCH_USER_PATHS = NO;
				CLANG_CXX_LANGUAGE_STANDARD = "gnu++0x";
				CLANG_CXX_LIBRARY = "libc++";
				CLANG_ENABLE_MODULES = YES;
				CLANG_ENABLE_OBJC_ARC = YES;
				CLANG_WARN_BOOL_CONVERSION = YES;
				CLANG_WARN_CONSTANT_CONVERSION = YES;
				CLANG_WARN_DIRECT_OBJC_ISA_USAGE = YES_ERROR;
				CLANG_WARN_EMPTY_BODY = YES;
				CLANG_WARN_ENUM_CONVERSION = YES;
				CLANG_WARN_INT_CONVERSION = YES;
				CLANG_WARN_OBJC_ROOT_CLASS = YES_ERROR;
				CLANG_WARN_UNREACHABLE_CODE = YES;
				CLANG_WARN__DUPLICATE_METHOD_MATCH = YES;
				"CODE_SIGN_IDENTITY[sdk=iphoneos*]" = "iPhone Developer";
				COPY_PHASE_STRIP = NO;
				ENABLE_STRICT_OBJC_MSGSEND = YES;
				GCC_C_LANGUAGE_STANDARD = gnu99;
				GCC_DYNAMIC_NO_PIC = NO;
				GCC_OPTIMIZATION_LEVEL = 0;
				GCC_PREPROCESSOR_DEFINITIONS = (
					"DEBUG=1",
					"$(inherited)",
				);
				GCC_SYMBOLS_PRIVATE_EXTERN = NO;
				GCC_WARN_64_TO_32_BIT_CONVERSION = YES;
				GCC_WARN_ABOUT_RETURN_TYPE = YES_ERROR;
				GCC_WARN_UNDECLARED_SELECTOR = YES;
				GCC_WARN_UNINITIALIZED_AUTOS = YES_AGGRESSIVE;
				GCC_WARN_UNUSED_FUNCTION = YES;
				GCC_WARN_UNUSED_VARIABLE = YES;
				IPHONEOS_DEPLOYMENT_TARGET = 8.0;
				MTL_ENABLE_DEBUG_INFO = YES;
				ONLY_ACTIVE_ARCH = YES;
				SDKROOT = iphoneos;
				SWIFT_OPTIMIZATION_LEVEL = "-Onone";
				TARGETED_DEVICE_FAMILY = "1,2";
			};
			name = Debug;
		};
		27FDECD41A04E5990049326B /* Release */ = {
			isa = XCBuildConfiguration;
			buildSettings = {
				ALWAYS_SEARCH_USER_PATHS = NO;
				CLANG_CXX_LANGUAGE_STANDARD = "gnu++0x";
				CLANG_CXX_LIBRARY = "libc++";
				CLANG_ENABLE_MODULES = YES;
				CLANG_ENABLE_OBJC_ARC = YES;
				CLANG_WARN_BOOL_CONVERSION = YES;
				CLANG_WARN_CONSTANT_CONVERSION = YES;
				CLANG_WARN_DIRECT_OBJC_ISA_USAGE = YES_ERROR;
				CLANG_WARN_EMPTY_BODY = YES;
				CLANG_WARN_ENUM_CONVERSION = YES;
				CLANG_WARN_INT_CONVERSION = YES;
				CLANG_WARN_OBJC_ROOT_CLASS = YES_ERROR;
				CLANG_WARN_UNREACHABLE_CODE = YES;
				CLANG_WARN__DUPLICATE_METHOD_MATCH = YES;
				"CODE_SIGN_IDENTITY[sdk=iphoneos*]" = "iPhone Developer";
				COPY_PHASE_STRIP = YES;
				ENABLE_NS_ASSERTIONS = NO;
				ENABLE_STRICT_OBJC_MSGSEND = YES;
				GCC_C_LANGUAGE_STANDARD = gnu99;
				GCC_WARN_64_TO_32_BIT_CONVERSION = YES;
				GCC_WARN_ABOUT_RETURN_TYPE = YES_ERROR;
				GCC_WARN_UNDECLARED_SELECTOR = YES;
				GCC_WARN_UNINITIALIZED_AUTOS = YES_AGGRESSIVE;
				GCC_WARN_UNUSED_FUNCTION = YES;
				GCC_WARN_UNUSED_VARIABLE = YES;
				IPHONEOS_DEPLOYMENT_TARGET = 8.0;
				MTL_ENABLE_DEBUG_INFO = NO;
				SDKROOT = iphoneos;
				TARGETED_DEVICE_FAMILY = "1,2";
				VALIDATE_PRODUCT = YES;
			};
			name = Release;
		};
		27FDECD61A04E5990049326B /* Debug */ = {
			isa = XCBuildConfiguration;
			buildSettings = {
				ASSETCATALOG_COMPILER_APPICON_NAME = AppIcon;
				INFOPLIST_FILE = Postcard/Info.plist;
				LD_RUNPATH_SEARCH_PATHS = "$(inherited) @executable_path/Frameworks";
				PRODUCT_NAME = "$(TARGET_NAME)";
			};
			name = Debug;
		};
		27FDECD71A04E5990049326B /* Release */ = {
			isa = XCBuildConfiguration;
			buildSettings = {
				ASSETCATALOG_COMPILER_APPICON_NAME = AppIcon;
				INFOPLIST_FILE = Postcard/Info.plist;
				LD_RUNPATH_SEARCH_PATHS = "$(inherited) @executable_path/Frameworks";
				PRODUCT_NAME = "$(TARGET_NAME)";
			};
			name = Release;
		};
		27FDECD91A04E5990049326B /* Debug */ = {
			isa = XCBuildConfiguration;
			buildSettings = {
				BUNDLE_LOADER = "$(TEST_HOST)";
				FRAMEWORK_SEARCH_PATHS = (
					"$(SDKROOT)/Developer/Library/Frameworks",
					"$(inherited)",
				);
				GCC_PREPROCESSOR_DEFINITIONS = (
					"DEBUG=1",
					"$(inherited)",
				);
				INFOPLIST_FILE = PostcardTests/Info.plist;
				LD_RUNPATH_SEARCH_PATHS = "$(inherited) @executable_path/Frameworks @loader_path/Frameworks";
				PRODUCT_NAME = "$(TARGET_NAME)";
				TEST_HOST = "$(BUILT_PRODUCTS_DIR)/Postcard.app/Postcard";
			};
			name = Debug;
		};
		27FDECDA1A04E5990049326B /* Release */ = {
			isa = XCBuildConfiguration;
			buildSettings = {
				BUNDLE_LOADER = "$(TEST_HOST)";
				FRAMEWORK_SEARCH_PATHS = (
					"$(SDKROOT)/Developer/Library/Frameworks",
					"$(inherited)",
				);
				INFOPLIST_FILE = PostcardTests/Info.plist;
				LD_RUNPATH_SEARCH_PATHS = "$(inherited) @executable_path/Frameworks @loader_path/Frameworks";
				PRODUCT_NAME = "$(TARGET_NAME)";
				TEST_HOST = "$(BUILT_PRODUCTS_DIR)/Postcard.app/Postcard";
			};
			name = Release;
		};
/* End XCBuildConfiguration section */

/* Begin XCConfigurationList section */
		27FDECB11A04E5990049326B /* Build configuration list for PBXProject "Postcard" */ = {
			isa = XCConfigurationList;
			buildConfigurations = (
				27FDECD31A04E5990049326B /* Debug */,
				27FDECD41A04E5990049326B /* Release */,
			);
			defaultConfigurationIsVisible = 0;
			defaultConfigurationName = Release;
		};
		27FDECD51A04E5990049326B /* Build configuration list for PBXNativeTarget "Postcard" */ = {
			isa = XCConfigurationList;
			buildConfigurations = (
				27FDECD61A04E5990049326B /* Debug */,
				27FDECD71A04E5990049326B /* Release */,
			);
			defaultConfigurationIsVisible = 0;
		};
		27FDECD81A04E5990049326B /* Build configuration list for PBXNativeTarget "PostcardTests" */ = {
			isa = XCConfigurationList;
			buildConfigurations = (
				27FDECD91A04E5990049326B /* Debug */,
				27FDECDA1A04E5990049326B /* Release */,
			);
			defaultConfigurationIsVisible = 0;
		};
/* End XCConfigurationList section */
	};
	rootObject = 27FDECAE1A04E5990049326B /* Project object */;
}
